
Microsoft Visual Studio Solution File, Format Version 12.00
# Visual Studio Version 17
VisualStudioVersion = 17.11.35327.3
MinimumVisualStudioVersion = 10.0.40219.1
Project("{9A19103F-16F7-4668-BE54-9A1E7A4F7556}") = "ConsoleRpgEntities", "ConsoleRpgEntities\ConsoleRpgEntities.csproj", "{650C6F68-D609-48BD-8224-216A525D7EAA}"
EndProject
Project("{9A19103F-16F7-4668-BE54-9A1E7A4F7556}") = "ConsoleRpg", "ConsoleRpg\ConsoleRpg.csproj", "{F2CE9FFC-62EC-404B-805C-E4E4186A4DEC}"
EndProject
Project("{2150E333-8FDC-42A3-9474-1A3956D46DE8}") = "Solution Items", "Solution Items", "{30997A3F-A683-4E6A-88DB-DF0D201AF410}"
	ProjectSection(SolutionItems) = preProject
		.editorconfig = .editorconfig
		README.txt = README.txt
	EndProjectSection
EndProject
Global
	GlobalSection(SolutionConfigurationPlatforms) = preSolution
		Debug|Any CPU = Debug|Any CPU
		Release|Any CPU = Release|Any CPU
	EndGlobalSection
	GlobalSection(ProjectConfigurationPlatforms) = postSolution
		{650C6F68-D609-48BD-8224-216A525D7EAA}.Debug|Any CPU.ActiveCfg = Debug|Any CPU
		{650C6F68-D609-48BD-8224-216A525D7EAA}.Debug|Any CPU.Build.0 = Debug|Any CPU
		{650C6F68-D609-48BD-8224-216A525D7EAA}.Release|Any CPU.ActiveCfg = Release|Any CPU
		{650C6F68-D609-48BD-8224-216A525D7EAA}.Release|Any CPU.Build.0 = Release|Any CPU
		{F2CE9FFC-62EC-404B-805C-E4E4186A4DEC}.Debug|Any CPU.ActiveCfg = Debug|Any CPU
		{F2CE9FFC-62EC-404B-805C-E4E4186A4DEC}.Debug|Any CPU.Build.0 = Debug|Any CPU
		{F2CE9FFC-62EC-404B-805C-E4E4186A4DEC}.Release|Any CPU.ActiveCfg = Release|Any CPU
		{F2CE9FFC-62EC-404B-805C-E4E4186A4DEC}.Release|Any CPU.Build.0 = Release|Any CPU
	EndGlobalSection
	GlobalSection(SolutionProperties) = preSolution
		HideSolutionNode = FALSE
	EndGlobalSection
	GlobalSection(ExtensibilityGlobals) = postSolution
		SolutionGuid = {6F401E75-4D69-48AD-A890-434D065F295F}
	EndGlobalSection
EndGlobal
